#MicroXplorer Configuration settings - do not modify
ADC1.Channel-0\#ChannelRegularConversion=ADC_CHANNEL_10
ADC1.Channel-1\#ChannelRegularConversion=ADC_CHANNEL_11
ADC1.Channel-2\#ChannelRegularConversion=ADC_CHANNEL_12
ADC1.Channel-3\#ChannelRegularConversion=ADC_CHANNEL_13
ADC1.Channel-4\#ChannelRegularConversion=ADC_CHANNEL_TEMPSENSOR
ADC1.Channel-5\#ChannelRegularConversion=ADC_CHANNEL_VREFINT
ADC1.Channel-6\#ChannelRegularConversion=ADC_CHANNEL_VBAT
ADC1.ContinuousConvMode=ENABLE
ADC1.DMAContinuousRequests=ENABLE
ADC1.IPParameters=Rank-0\#ChannelRegularConversion,Channel-0\#ChannelRegularConversion,SamplingTime-0\#ChannelRegularConversion,NbrOfConversionFlag,master,ScanConvMode,ContinuousConvMode,DMAContinuousRequests,Rank-1\#ChannelRegularConversion,Channel-1\#ChannelRegularConversion,SamplingTime-1\#ChannelRegularConversion,Rank-2\#ChannelRegularConversion,Channel-2\#ChannelRegularConversion,SamplingTime-2\#ChannelRegularConversion,Rank-3\#ChannelRegularConversion,Channel-3\#ChannelRegularConversion,SamplingTime-3\#ChannelRegularConversion,Rank-4\#ChannelRegularConversion,Channel-4\#ChannelRegularConversion,SamplingTime-4\#ChannelRegularConversion,Rank-5\#ChannelRegularConversion,Channel-5\#ChannelRegularConversion,SamplingTime-5\#ChannelRegularConversion,Rank-6\#ChannelRegularConversion,Channel-6\#ChannelRegularConversion,SamplingTime-6\#ChannelRegularConversion,NbrOfConversion
ADC1.NbrOfConversion=7
ADC1.NbrOfConversionFlag=1
ADC1.Rank-0\#ChannelRegularConversion=1
ADC1.Rank-1\#ChannelRegularConversion=2
ADC1.Rank-2\#ChannelRegularConversion=3
ADC1.Rank-3\#ChannelRegularConversion=4
ADC1.Rank-4\#ChannelRegularConversion=5
ADC1.Rank-5\#ChannelRegularConversion=6
ADC1.Rank-6\#ChannelRegularConversion=7
ADC1.SamplingTime-0\#ChannelRegularConversion=ADC_SAMPLETIME_144CYCLES
ADC1.SamplingTime-1\#ChannelRegularConversion=ADC_SAMPLETIME_144CYCLES
ADC1.SamplingTime-2\#ChannelRegularConversion=ADC_SAMPLETIME_144CYCLES
ADC1.SamplingTime-3\#ChannelRegularConversion=ADC_SAMPLETIME_144CYCLES
ADC1.SamplingTime-4\#ChannelRegularConversion=ADC_SAMPLETIME_144CYCLES
ADC1.SamplingTime-5\#ChannelRegularConversion=ADC_SAMPLETIME_144CYCLES
ADC1.SamplingTime-6\#ChannelRegularConversion=ADC_SAMPLETIME_144CYCLES
ADC1.ScanConvMode=ENABLE
ADC1.master=1
ADC3.Channel-0\#ChannelRegularConversion=ADC_CHANNEL_4
ADC3.Channel-1\#ChannelRegularConversion=ADC_CHANNEL_5
ADC3.Channel-2\#ChannelRegularConversion=ADC_CHANNEL_6
ADC3.ContinuousConvMode=ENABLE
ADC3.DMAContinuousRequests=ENABLE
ADC3.IPParameters=Rank-0\#ChannelRegularConversion,Channel-0\#ChannelRegularConversion,SamplingTime-0\#ChannelRegularConversion,NbrOfConversionFlag,ScanConvMode,ContinuousConvMode,DMAContinuousRequests,Rank-1\#ChannelRegularConversion,Channel-1\#ChannelRegularConversion,SamplingTime-1\#ChannelRegularConversion,Rank-2\#ChannelRegularConversion,Channel-2\#ChannelRegularConversion,SamplingTime-2\#ChannelRegularConversion,NbrOfConversion
ADC3.NbrOfConversion=3
ADC3.NbrOfConversionFlag=1
ADC3.Rank-0\#ChannelRegularConversion=1
ADC3.Rank-1\#ChannelRegularConversion=2
ADC3.Rank-2\#ChannelRegularConversion=3
ADC3.SamplingTime-0\#ChannelRegularConversion=ADC_SAMPLETIME_144CYCLES
ADC3.SamplingTime-1\#ChannelRegularConversion=ADC_SAMPLETIME_144CYCLES
ADC3.SamplingTime-2\#ChannelRegularConversion=ADC_SAMPLETIME_144CYCLES
ADC3.ScanConvMode=ENABLE
CAD.formats=
CAD.pinconfig=
CAD.provider=
CAN1.BS1=CAN_BS1_1TQ
CAN1.BS2=CAN_BS2_1TQ
CAN1.CalculateBaudRate=875000
CAN1.CalculateTimeBit=1142
CAN1.CalculateTimeQuantum=380.95238095238096
CAN1.IPParameters=CalculateTimeQuantum,CalculateTimeBit,CalculateBaudRate,BS1,BS2
CAN2.BS1=CAN_BS1_1TQ
CAN2.BS2=CAN_BS2_1TQ
CAN2.CalculateBaudRate=875000
CAN2.CalculateTimeBit=1142
CAN2.CalculateTimeQuantum=380.95238095238096
CAN2.IPParameters=CalculateTimeQuantum,CalculateTimeBit,CalculateBaudRate,BS1,BS2
DAC.DAC_Trigger=DAC_TRIGGER_NONE
DAC.DAC_Trigger2=DAC_TRIGGER_NONE
DAC.IPParameters=DAC_Trigger,DAC_Trigger2
FATFS.IPParameters=_USE_FIND,_USE_CHMOD,_USE_EXPAND,_USE_LABEL,_USE_FORWARD,_CODE_PAGE,_USE_LFN,_STRF_ENCODE,_FS_EXFAT,_USE_MUTEX,_FS_LOCK,_USE_FASTSEEK,_USE_MKFS,_USE_STRFUNC
FATFS._CODE_PAGE=437
FATFS._FS_EXFAT=1
FATFS._FS_LOCK=255
FATFS._STRF_ENCODE=0
FATFS._USE_CHMOD=0
FATFS._USE_EXPAND=0
FATFS._USE_FASTSEEK=0
FATFS._USE_FIND=0
FATFS._USE_FORWARD=0
FATFS._USE_LABEL=0
FATFS._USE_LFN=3
FATFS._USE_MKFS=0
FATFS._USE_MUTEX=1
FATFS._USE_STRFUNC=0
File.Version=6
GPIO.groupedBy=Group By Peripherals
KeepUserPlacement=false
Mcu.CPN=STM32F407IGT6
Mcu.Family=STM32F4
Mcu.IP0=ADC1
Mcu.IP1=ADC3
Mcu.IP10=RNG
Mcu.IP11=SPI2
Mcu.IP12=SPI3
Mcu.IP13=SYS
Mcu.IP14=TIM5
Mcu.IP15=TIM7
Mcu.IP16=TIM8
Mcu.IP17=TIM9
Mcu.IP18=TIM12
Mcu.IP19=TIM14
Mcu.IP2=CAN1
Mcu.IP20=UART5
Mcu.IP21=USART1
Mcu.IP22=USART3
Mcu.IP23=USART6
Mcu.IP24=USB_HOST
Mcu.IP25=USB_OTG_FS
Mcu.IP3=CAN2
Mcu.IP4=CRC
Mcu.IP5=DAC
Mcu.IP6=FATFS
Mcu.IP7=I2C3
Mcu.IP8=NVIC
Mcu.IP9=RCC
Mcu.IPNb=26
Mcu.Name=STM32F407I(E-G)Tx
Mcu.Package=LQFP176
Mcu.Pin0=PE2
Mcu.Pin1=PE3
Mcu.Pin10=PI10
Mcu.Pin100=PH13
Mcu.Pin101=PH14
Mcu.Pin102=PH15
Mcu.Pin103=PI0
Mcu.Pin104=PI1
Mcu.Pin105=PI2
Mcu.Pin106=PI3
Mcu.Pin107=PA14
Mcu.Pin108=PA15
Mcu.Pin109=PC10
Mcu.Pin11=PI11
Mcu.Pin110=PC11
Mcu.Pin111=PC12
Mcu.Pin112=PD0
Mcu.Pin113=PD1
Mcu.Pin114=PD2
Mcu.Pin115=PD3
Mcu.Pin116=PD4
Mcu.Pin117=PD5
Mcu.Pin118=PD6
Mcu.Pin119=PD7
Mcu.Pin12=PF0
Mcu.Pin120=PG9
Mcu.Pin121=PG10
Mcu.Pin122=PG11
Mcu.Pin123=PG12
Mcu.Pin124=PG13
Mcu.Pin125=PG14
Mcu.Pin126=PG15
Mcu.Pin127=PB3
Mcu.Pin128=PB4
Mcu.Pin129=PB5
Mcu.Pin13=PF1
Mcu.Pin130=PB6
Mcu.Pin131=PB7
Mcu.Pin132=PB8
Mcu.Pin133=PB9
Mcu.Pin134=PE0
Mcu.Pin135=PE1
Mcu.Pin136=PI4
Mcu.Pin137=PI5
Mcu.Pin138=PI6
Mcu.Pin139=PI7
Mcu.Pin14=PF2
Mcu.Pin140=VP_ADC1_TempSens_Input
Mcu.Pin141=VP_ADC1_Vref_Input
Mcu.Pin142=VP_ADC1_Vbat_Input
Mcu.Pin143=VP_CRC_VS_CRC
Mcu.Pin144=VP_FATFS_VS_USB
Mcu.Pin145=VP_RNG_VS_RNG
Mcu.Pin146=VP_SYS_VS_tim6
Mcu.Pin147=VP_TIM5_VS_ClockSourceINT
Mcu.Pin148=VP_TIM7_VS_ClockSourceINT
Mcu.Pin149=VP_TIM8_VS_ClockSourceINT
Mcu.Pin15=PF3
Mcu.Pin150=VP_TIM9_VS_ClockSourceINT
Mcu.Pin151=VP_TIM12_VS_ClockSourceINT
Mcu.Pin152=VP_TIM14_VS_ClockSourceINT
Mcu.Pin153=VP_USB_HOST_VS_USB_HOST_MSC_FS
Mcu.Pin16=PF4
Mcu.Pin17=PF5
Mcu.Pin18=PF6
Mcu.Pin19=PF7
Mcu.Pin2=PE4
Mcu.Pin20=PF8
Mcu.Pin21=PF9
Mcu.Pin22=PF10
Mcu.Pin23=PH0-OSC_IN
Mcu.Pin24=PH1-OSC_OUT
Mcu.Pin25=PC0
Mcu.Pin26=PC1
Mcu.Pin27=PC2
Mcu.Pin28=PC3
Mcu.Pin29=PA0-WKUP
Mcu.Pin3=PE5
Mcu.Pin30=PA1
Mcu.Pin31=PA2
Mcu.Pin32=PH2
Mcu.Pin33=PH3
Mcu.Pin34=PH4
Mcu.Pin35=PH5
Mcu.Pin36=PA3
Mcu.Pin37=PA4
Mcu.Pin38=PA5
Mcu.Pin39=PA6
Mcu.Pin4=PE6
Mcu.Pin40=PA7
Mcu.Pin41=PC4
Mcu.Pin42=PC5
Mcu.Pin43=PB0
Mcu.Pin44=PB1
Mcu.Pin45=PB2
Mcu.Pin46=PF11
Mcu.Pin47=PF12
Mcu.Pin48=PF13
Mcu.Pin49=PF14
Mcu.Pin5=PI8- ANTI TAMP2
Mcu.Pin50=PF15
Mcu.Pin51=PG0
Mcu.Pin52=PG1
Mcu.Pin53=PE7
Mcu.Pin54=PE8
Mcu.Pin55=PE9
Mcu.Pin56=PE10
Mcu.Pin57=PE11
Mcu.Pin58=PE12
Mcu.Pin59=PE13
Mcu.Pin6=PC13-ANTI_TAMP
Mcu.Pin60=PE14
Mcu.Pin61=PE15
Mcu.Pin62=PB10
Mcu.Pin63=PB11
Mcu.Pin64=PH6
Mcu.Pin65=PH7
Mcu.Pin66=PH8
Mcu.Pin67=PH9
Mcu.Pin68=PH10
Mcu.Pin69=PH11
Mcu.Pin7=PC14-OSC32_IN
Mcu.Pin70=PH12
Mcu.Pin71=PB12
Mcu.Pin72=PB13
Mcu.Pin73=PB14
Mcu.Pin74=PB15
Mcu.Pin75=PD8
Mcu.Pin76=PD9
Mcu.Pin77=PD10
Mcu.Pin78=PD11
Mcu.Pin79=PD12
Mcu.Pin8=PC15-OSC32_OUT
Mcu.Pin80=PD13
Mcu.Pin81=PD14
Mcu.Pin82=PD15
Mcu.Pin83=PG2
Mcu.Pin84=PG3
Mcu.Pin85=PG4
Mcu.Pin86=PG5
Mcu.Pin87=PG6
Mcu.Pin88=PG7
Mcu.Pin89=PG8
Mcu.Pin9=PI9
Mcu.Pin90=PC6
Mcu.Pin91=PC7
Mcu.Pin92=PC8
Mcu.Pin93=PC9
Mcu.Pin94=PA8
Mcu.Pin95=PA9
Mcu.Pin96=PA10
Mcu.Pin97=PA11
Mcu.Pin98=PA12
Mcu.Pin99=PA13
Mcu.PinsNb=154
Mcu.ThirdPartyNb=0
Mcu.UserConstants=
Mcu.UserName=STM32F407IGTx
MxCube.Version=6.17.0
MxDb.Version=DB.6.0.170
NVIC.BusFault_IRQn=true\:0\:0\:false\:false\:true\:false\:false\:false
NVIC.DebugMonitor_IRQn=true\:0\:0\:false\:false\:true\:false\:false\:false
NVIC.ForceEnableDMAVector=true
NVIC.HardFault_IRQn=true\:0\:0\:false\:false\:true\:false\:false\:false
NVIC.MemoryManagement_IRQn=true\:0\:0\:false\:false\:true\:false\:false\:false
NVIC.NonMaskableInt_IRQn=true\:0\:0\:false\:false\:true\:false\:false\:false
NVIC.OTG_FS_IRQn=true\:0\:0\:false\:false\:true\:false\:true\:true
NVIC.PendSV_IRQn=true\:0\:0\:false\:false\:true\:false\:false\:false
NVIC.PriorityGroup=NVIC_PRIORITYGROUP_4
NVIC.SVCall_IRQn=true\:0\:0\:false\:false\:true\:false\:false\:false
NVIC.SysTick_IRQn=true\:15\:0\:false\:false\:true\:false\:true\:false
NVIC.TIM6_DAC_IRQn=true\:15\:0\:false\:false\:true\:false\:true\:true
NVIC.TIM8_TRG_COM_TIM14_IRQn=true\:0\:0\:false\:false\:true\:true\:true\:true
NVIC.TIM8_UP_TIM13_IRQn=true\:15\:0\:false\:false\:true\:false\:true\:true
NVIC.TimeBase=TIM6_DAC_IRQn
NVIC.TimeBaseIP=TIM6
NVIC.USART3_IRQn=true\:0\:0\:false\:false\:true\:true\:true\:true
NVIC.UsageFault_IRQn=true\:0\:0\:false\:false\:true\:false\:false\:false
PA0-WKUP.Locked=true
PA1.Locked=true
PA10.GPIOParameters=GPIO_Speed,GPIO_PuPd,GPIO_Label
PA10.GPIO_Label=MPU_UART_RX
PA10.GPIO_PuPd=GPIO_PULLDOWN
PA10.GPIO_Speed=GPIO_SPEED_FREQ_HIGH
PA10.Locked=true
PA10.Mode=Asynchronous
PA10.Signal=USART1_RX
PA11.GPIOParameters=GPIO_Label
PA11.GPIO_Label=USB_OTG_FS_DM
PA11.Locked=true
PA11.Mode=Host_Only
PA11.Signal=USB_OTG_FS_DM
PA12.GPIOParameters=GPIO_Label
PA12.GPIO_Label=USB_OTG_FS_DP
PA12.Locked=true
PA12.Mode=Host_Only
PA12.Signal=USB_OTG_FS_DP
PA13.GPIOParameters=GPIO_Label
PA13.GPIO_Label=SWDIO
PA13.Mode=Trace_Asynchronous_SW
PA13.Signal=SYS_JTMS-SWDIO
PA14.GPIOParameters=GPIO_Label
PA14.GPIO_Label=SWCLK
PA14.Locked=true
PA14.Mode=Trace_Asynchronous_SW
PA14.Signal=SYS_JTCK-SWCLK
PA15.GPIOParameters=GPIO_Speed,GPIO_PuPd,GPIO_Label
PA15.GPIO_Label=EPROM_NSS
PA15.GPIO_PuPd=GPIO_PULLUP
PA15.GPIO_Speed=GPIO_SPEED_FREQ_VERY_HIGH
PA15.Locked=true
PA15.Signal=GPIO_Output
PA2.Locked=true
PA3.Locked=true
PA4.GPIOParameters=GPIO_Label
PA4.GPIO_Label=TEC0_SET
PA4.Locked=true
PA4.Signal=COMP_DAC1_group
PA5.GPIOParameters=GPIO_Label
PA5.GPIO_Label=TEC1_SET
PA5.Locked=true
PA5.Signal=COMP_DAC2_group
PA6.Locked=true
PA7.Locked=true
PA8.GPIOParameters=GPIO_Speed,GPIO_Label,GPIO_Pu
PA8.GPIO_Label=IBUS_SCL
PA8.GPIO_Pu=GPIO_PULLUP
PA8.GPIO_Speed=GPIO_SPEED_FREQ_HIGH
PA8.Locked=true
PA8.Mode=I2C
PA8.Signal=I2C3_SCL
PA9.GPIOParameters=GPIO_Speed,GPIO_PuPd,GPIO_Label
PA9.GPIO_Label=MPU_UART_TX
PA9.GPIO_PuPd=GPIO_PULLDOWN
PA9.GPIO_Speed=GPIO_SPEED_FREQ_HIGH
PA9.Locked=true
PA9.Mode=Asynchronous
PA9.Signal=USART1_TX
PB0.Locked=true
PB1.Locked=true
PB10.GPIOParameters=GPIO_PuPd,GPIO_Label
PB10.GPIO_Label=TEC1_PWM
PB10.GPIO_PuPd=GPIO_PULLDOWN
PB10.Locked=true
PB10.Signal=GPIO_Output
PB11.GPIOParameters=GPIO_PuPd,GPIO_Label
PB11.GPIO_Label=TEC0_PWM
PB11.GPIO_PuPd=GPIO_PULLDOWN
PB11.Locked=true
PB11.Signal=GPIO_Output
PB12.GPIOParameters=GPIO_Label
PB12.GPIO_Label=ICAN_RX
PB12.Locked=true
PB12.Mode=CAN_Activate
PB12.Signal=CAN2_RX
PB13.GPIOParameters=GPIO_Label
PB13.GPIO_Label=ICAN_TX
PB13.Locked=true
PB13.Mode=CAN_Activate
PB13.Signal=CAN2_TX
PB14.GPIOParameters=GPIO_Label
PB14.GPIO_Label=GAIM_SHDN
PB14.Locked=true
PB14.Signal=GPIO_Output
PB15.GPIOParameters=GPIO_PuPd,GPIO_Label
PB15.GPIO_Label=IBUS_INT0
PB15.GPIO_PuPd=GPIO_PULLUP
PB15.Locked=true
PB15.Signal=GPIO_Input
PB2.Locked=true
PB3.GPIOParameters=GPIO_Label
PB3.GPIO_Label=SWO
PB3.Locked=true
PB3.Mode=Trace_Asynchronous_SW
PB3.Signal=SYS_JTDO-SWO
PB4.Locked=true
PB5.GPIOParameters=GPIO_PuPd,GPIO_Label
PB5.GPIO_Label=EPROM_MOSI
PB5.GPIO_PuPd=GPIO_PULLDOWN
PB5.Locked=true
PB5.Mode=Full_Duplex_Master
PB5.Signal=SPI3_MOSI
PB6.Locked=true
PB7.Locked=true
PB8.GPIOParameters=GPIO_Label
PB8.GPIO_Label=ECAN_RX
PB8.Locked=true
PB8.Mode=CAN_Activate
PB8.Signal=CAN1_RX
PB9.GPIOParameters=GPIO_Label
PB9.GPIO_Label=ECAN_TX
PB9.Locked=true
PB9.Mode=CAN_Activate
PB9.Signal=CAN1_TX
PC0.GPIOParameters=GPIO_Label
PC0.GPIO_Label=LAS_NTC
PC0.Locked=true
PC0.Signal=ADCx_IN10
PC1.Locked=true
PC1.Signal=ADCx_IN11
PC10.GPIOParameters=GPIO_PuPd,GPIO_Label
PC10.GPIO_Label=EPROM_SCK
PC10.GPIO_PuPd=GPIO_PULLDOWN
PC10.Locked=true
PC10.Mode=Full_Duplex_Master
PC10.Signal=SPI3_SCK
PC11.GPIOParameters=GPIO_PuPd,GPIO_Label
PC11.GPIO_Label=EPROM_MISO
PC11.GPIO_PuPd=GPIO_PULLDOWN
PC11.Locked=true
PC11.Mode=Full_Duplex_Master
PC11.Signal=SPI3_MISO
PC12.GPIOParameters=GPIO_Speed,GPIO_PuPd,GPIO_Label
PC12.GPIO_Label=DBG_TX
PC12.GPIO_PuPd=GPIO_PULLDOWN
PC12.GPIO_Speed=GPIO_SPEED_FREQ_HIGH
PC12.Locked=true
PC12.Mode=Asynchronous
PC12.Signal=UART5_TX
PC13-ANTI_TAMP.GPIOParameters=GPIO_PuPd,GPIO_Label,GPIO_ModeDefaultOutputPP
PC13-ANTI_TAMP.GPIO_Label=STA3_LED
PC13-ANTI_TAMP.GPIO_ModeDefaultOutputPP=GPIO_MODE_OUTPUT_OD
PC13-ANTI_TAMP.GPIO_PuPd=GPIO_NOPULL
PC13-ANTI_TAMP.Locked=true
PC13-ANTI_TAMP.Signal=GPIO_Output
PC14-OSC32_IN.GPIOParameters=GPIO_PuPd,GPIO_Label
PC14-OSC32_IN.GPIO_Label=SPK_EN
PC14-OSC32_IN.GPIO_PuPd=GPIO_PULLUP
PC14-OSC32_IN.Locked=true
PC14-OSC32_IN.Signal=GPIO_Output
PC15-OSC32_OUT.GPIOParameters=GPIO_PuPd,GPIO_Label
PC15-OSC32_OUT.GPIO_Label=MCP41010_SDI
PC15-OSC32_OUT.GPIO_PuPd=GPIO_PULLDOWN
PC15-OSC32_OUT.Locked=true
PC15-OSC32_OUT.Signal=GPIO_Output
PC2.GPIOParameters=GPIO_Label
PC2.GPIO_Label=LAS_LPD
PC2.Locked=true
PC2.Signal=ADCx_IN12
PC3.GPIOParameters=GPIO_Label
PC3.GPIO_Label=LAS_FPD
PC3.Locked=true
PC3.Signal=ADCx_IN13
PC4.Locked=true
PC5.Locked=true
PC6.GPIOParameters=GPIO_Speed,GPIO_PuPd,GPIO_Label
PC6.GPIO_Label=MHI_UART_TX
PC6.GPIO_PuPd=GPIO_PULLDOWN
PC6.GPIO_Speed=GPIO_SPEED_FREQ_HIGH
PC6.Locked=true
PC6.Mode=Asynchronous
PC6.Signal=USART6_TX
PC7.GPIOParameters=GPIO_Speed,GPIO_PuPd,GPIO_Label
PC7.GPIO_Label=HMI_UART_RX
PC7.GPIO_PuPd=GPIO_PULLDOWN
PC7.GPIO_Speed=GPIO_SPEED_FREQ_HIGH
PC7.Locked=true
PC7.Mode=Asynchronous
PC7.Signal=USART6_RX
PC8.GPIOParameters=GPIO_PuPd,GPIO_Label
PC8.GPIO_Label=YOUT0
PC8.GPIO_PuPd=GPIO_PULLDOWN
PC8.Locked=true
PC8.Signal=GPIO_Output
PC9.GPIOParameters=GPIO_Speed,GPIO_Label,GPIO_Pu
PC9.GPIO_Label=IBUS_SDA
PC9.GPIO_Pu=GPIO_PULLUP
PC9.GPIO_Speed=GPIO_SPEED_FREQ_HIGH
PC9.Locked=true
PC9.Mode=I2C
PC9.Signal=I2C3_SDA
PCC.Checker=false
PCC.Display=Plot\: All Steps
PCC.Line=STM32F407/417
PCC.MCU=STM32F407I(E-G)Tx
PCC.PartNumber=STM32F407IGTx
PCC.Series=STM32F4
PCC.Temperature=25
PCC.Vdd=3.3
PD0.GPIOParameters=GPIO_PuPd,GPIO_Label
PD0.GPIO_Label=ESTOP_NC
PD0.GPIO_PuPd=GPIO_PULLUP
PD0.Locked=true
PD0.Signal=GPIO_Input
PD1.Locked=true
PD10.GPIOParameters=GPIO_PuPd,GPIO_Label
PD10.GPIO_Label=IBUS_INT1
PD10.GPIO_PuPd=GPIO_PULLUP
PD10.Locked=true
PD10.Signal=GPIO_Input
PD11.GPIOParameters=GPIO_PuPd,GPIO_Label
PD11.GPIO_Label=IBUS_INT2
PD11.GPIO_PuPd=GPIO_PULLUP
PD11.Locked=true
PD11.Signal=GPIO_Input
PD12.GPIOParameters=GPIO_PuPd,GPIO_Label
PD12.GPIO_Label=IBUS_INT3
PD12.GPIO_PuPd=GPIO_PULLUP
PD12.Locked=true
PD12.Signal=GPIO_Input
PD13.Locked=true
PD14.Locked=true
PD15.Locked=true
PD2.GPIOParameters=GPIO_Speed,GPIO_PuPd,GPIO_Label
PD2.GPIO_Label=DBG_RX
PD2.GPIO_PuPd=GPIO_PULLDOWN
PD2.GPIO_Speed=GPIO_SPEED_FREQ_HIGH
PD2.Locked=true
PD2.Mode=Asynchronous
PD2.Signal=UART5_RX
PD3.Locked=true
PD4.Locked=true
PD5.Locked=true
PD6.Locked=true
PD7.Locked=true
PD8.GPIOParameters=GPIO_Speed,GPIO_PuPd,GPIO_Label
PD8.GPIO_Label=GDDC_UART_TX
PD8.GPIO_PuPd=GPIO_PULLDOWN
PD8.GPIO_Speed=GPIO_SPEED_FREQ_HIGH
PD8.Locked=true
PD8.Mode=Asynchronous
PD8.Signal=USART3_TX
PD9.GPIOParameters=GPIO_Speed,GPIO_PuPd,GPIO_Label
PD9.GPIO_Label=GDDC_UART_RX
PD9.GPIO_PuPd=GPIO_PULLDOWN
PD9.GPIO_Speed=GPIO_SPEED_FREQ_HIGH
PD9.Locked=true
PD9.Mode=Asynchronous
PD9.Signal=USART3_RX
PE0.GPIOParameters=GPIO_PuPd,GPIO_Label
PE0.GPIO_Label=PUMP1_PWM
PE0.GPIO_PuPd=GPIO_PULLUP
PE0.Locked=true
PE0.Signal=GPIO_Output
PE1.GPIOParameters=PinState,GPIO_PuPd,GPIO_Label,GPIO_ModeDefaultOutputPP
PE1.GPIO_Label=POWER_KILL
PE1.GPIO_ModeDefaultOutputPP=GPIO_MODE_OUTPUT_OD
PE1.GPIO_PuPd=GPIO_NOPULL
PE1.Locked=true
PE1.PinState=GPIO_PIN_SET
PE1.Signal=GPIO_Output
PE10.GPIOParameters=GPIO_PuPd,GPIO_Label
PE10.GPIO_Label=LAS4_PWM
PE10.GPIO_PuPd=GPIO_PULLDOWN
PE10.Locked=true
PE10.Signal=GPIO_Output
PE11.GPIOParameters=GPIO_PuPd,GPIO_Label
PE11.GPIO_Label=LAS3_PWM
PE11.GPIO_PuPd=GPIO_PULLDOWN
PE11.Locked=true
PE11.Signal=GPIO_Output
PE12.GPIOParameters=GPIO_PuPd,GPIO_Label
PE12.GPIO_Label=LAS2_PWM
PE12.GPIO_PuPd=GPIO_PULLDOWN
PE12.Locked=true
PE12.Signal=GPIO_Output
PE13.GPIOParameters=GPIO_PuPd,GPIO_Label
PE13.GPIO_Label=LAS1_PWM
PE13.GPIO_PuPd=GPIO_PULLDOWN
PE13.Locked=true
PE13.Signal=GPIO_Output
PE14.GPIOParameters=GPIO_PuPd,GPIO_Label
PE14.GPIO_Label=LAS0_PWM
PE14.GPIO_PuPd=GPIO_PULLDOWN
PE14.Locked=true
PE14.Signal=GPIO_Output
PE15.GPIOParameters=GPIO_PuPd,GPIO_Label
PE15.GPIO_Label=TEC_BREAK
PE15.GPIO_PuPd=GPIO_PULLDOWN
PE15.Locked=true
PE15.Signal=GPIO_Output
PE2.GPIOParameters=GPIO_PuPd,GPIO_Label
PE2.GPIO_Label=POWER_INT
PE2.GPIO_PuPd=GPIO_PULLUP
PE2.Locked=true
PE2.Signal=GPIO_Input
PE3.GPIOParameters=GPIO_PuPd,GPIO_Label
PE3.GPIO_Label=PWR_DCOK
PE3.GPIO_PuPd=GPIO_PULLUP
PE3.Locked=true
PE3.Signal=GPIO_Input
PE4.GPIOParameters=GPIO_PuPd,GPIO_Label,GPIO_ModeDefaultOutputPP
PE4.GPIO_Label=STA0_LED
PE4.GPIO_ModeDefaultOutputPP=GPIO_MODE_OUTPUT_OD
PE4.GPIO_PuPd=GPIO_NOPULL
PE4.Locked=true
PE4.Signal=GPIO_Output
PE5.GPIOParameters=GPIO_PuPd,GPIO_Label,GPIO_ModeDefaultOutputPP
PE5.GPIO_Label=STA1_LED
PE5.GPIO_ModeDefaultOutputPP=GPIO_MODE_OUTPUT_OD
PE5.GPIO_PuPd=GPIO_NOPULL
PE5.Locked=true
PE5.Signal=GPIO_Output
PE6.GPIOParameters=GPIO_PuPd,GPIO_Label
PE6.GPIO_Label=SPK_PWM
PE6.GPIO_PuPd=GPIO_PULLDOWN
PE6.Locked=true
PE6.Signal=S_TIM9_CH2
PE7.GPIOParameters=GPIO_PuPd,GPIO_Label
PE7.GPIO_Label=LAS7_PWM
PE7.GPIO_PuPd=GPIO_PULLDOWN
PE7.Locked=true
PE7.Signal=GPIO_Output
PE8.GPIOParameters=GPIO_PuPd,GPIO_Label
PE8.GPIO_Label=LAS6_PWM
PE8.GPIO_PuPd=GPIO_PULLDOWN
PE8.Locked=true
PE8.Signal=GPIO_Output
PE9.GPIOParameters=GPIO_PuPd,GPIO_Label
PE9.GPIO_Label=LAS5_PWM
PE9.GPIO_PuPd=GPIO_PULLDOWN
PE9.Locked=true
PE9.Signal=GPIO_Output
PF0.GPIOParameters=GPIO_PuPd,GPIO_Label
PF0.GPIO_Label=BLUE_LED
PF0.GPIO_PuPd=GPIO_PULLDOWN
PF0.Locked=true
PF0.Signal=GPIO_Output
PF1.GPIOParameters=GPIO_PuPd,GPIO_Label
PF1.GPIO_Label=SGATE_NC
PF1.GPIO_PuPd=GPIO_PULLDOWN
PF1.Locked=true
PF1.Signal=GPIO_Input
PF10.Locked=true
PF11.Locked=true
PF12.GPIOParameters=GPIO_PuPd,GPIO_Label
PF12.GPIO_Label=DAC8568_LDAC
PF12.GPIO_PuPd=GPIO_PULLUP
PF12.Locked=true
PF12.Signal=GPIO_Output
PF13.GPIOParameters=GPIO_PuPd,GPIO_Label
PF13.GPIO_Label=DAC8568_NSS
PF13.GPIO_PuPd=GPIO_PULLUP
PF13.Locked=true
PF13.Signal=GPIO_Output
PF14.GPIOParameters=GPIO_PuPd,GPIO_Label
PF14.GPIO_Label=DAC8568_SCK
PF14.GPIO_PuPd=GPIO_PULLDOWN
PF14.Locked=true
PF14.Signal=GPIO_Output
PF15.GPIOParameters=GPIO_PuPd,GPIO_Label
PF15.GPIO_Label=DAC8568_DOUT
PF15.GPIO_PuPd=GPIO_PULLDOWN
PF15.Locked=true
PF15.Signal=GPIO_Output
PF2.GPIOParameters=GPIO_PuPd,GPIO_Label
PF2.GPIO_Label=SGATE_EN
PF2.GPIO_PuPd=GPIO_PULLDOWN
PF2.Locked=true
PF2.Signal=GPIO_Output
PF3.GPIOParameters=GPIO_PuPd,GPIO_Label
PF3.GPIO_Label=INTRUSION_NC
PF3.GPIO_PuPd=GPIO_PULLUP
PF3.Locked=true
PF3.Signal=GPIO_Input
PF4.Locked=true
PF5.Locked=true
PF6.GPIOParameters=GPIO_Label
PF6.GPIO_Label=AMB_NTC
PF6.Locked=true
PF6.Mode=IN4
PF6.Signal=ADC3_IN4
PF7.GPIOParameters=GPIO_Label
PF7.GPIO_Label=HWATER_NTC
PF7.Locked=true
PF7.Mode=IN5
PF7.Signal=ADC3_IN5
PF8.GPIOParameters=GPIO_Label
PF8.GPIO_Label=CWATER_NTC
PF8.Locked=true
PF8.Mode=IN6
PF8.Signal=ADC3_IN6
PF9.GPIOParameters=GPIO_PuPd,GPIO_Label
PF9.GPIO_Label=DHT11_SEN
PF9.GPIO_PuPd=GPIO_PULLUP
PF9.Locked=true
PF9.Signal=GPIO_Output
PG0.GPIOParameters=GPIO_PuPd,GPIO_Label
PG0.GPIO_Label=DAC8568_CLEAR
PG0.GPIO_PuPd=GPIO_PULLUP
PG0.Locked=true
PG0.Signal=GPIO_Output
PG1.GPIOParameters=GPIO_PuPd,GPIO_Label
PG1.GPIO_Label=LAS_BREAK
PG1.GPIO_PuPd=GPIO_PULLDOWN
PG1.Locked=true
PG1.Signal=GPIO_Output
PG10.Locked=true
PG11.Locked=true
PG12.Locked=true
PG13.GPIOParameters=GPIO_Speed,PinState,GPIO_PuPd,GPIO_Label,GPIO_ModeDefaultOutputPP
PG13.GPIO_Label=HDC1080_SDA
PG13.GPIO_ModeDefaultOutputPP=GPIO_MODE_OUTPUT_OD
PG13.GPIO_PuPd=GPIO_NOPULL
PG13.GPIO_Speed=GPIO_SPEED_FREQ_HIGH
PG13.Locked=true
PG13.PinState=GPIO_PIN_SET
PG13.Signal=GPIO_Output
PG14.GPIOParameters=GPIO_Speed,PinState,GPIO_PuPd,GPIO_Label,GPIO_ModeDefaultOutputPP
PG14.GPIO_Label=HDC1080_SCL
PG14.GPIO_ModeDefaultOutputPP=GPIO_MODE_OUTPUT_OD
PG14.GPIO_PuPd=GPIO_NOPULL
PG14.GPIO_Speed=GPIO_SPEED_FREQ_HIGH
PG14.Locked=true
PG14.PinState=GPIO_PIN_SET
PG14.Signal=GPIO_Output
PG15.GPIOParameters=GPIO_PuPd,GPIO_Label
PG15.GPIO_Label=PUMP0_PWM
PG15.GPIO_PuPd=GPIO_PULLUP
PG15.Locked=true
PG15.Signal=GPIO_Output
PG2.GPIOParameters=GPIO_PuPd,GPIO_Label
PG2.GPIO_Label=MPU_EN
PG2.GPIO_PuPd=GPIO_PULLUP
PG2.Locked=true
PG2.Signal=GPIO_Input
PG3.GPIOParameters=GPIO_PuPd,GPIO_Label
PG3.GPIO_Label=MPU_INT0
PG3.GPIO_PuPd=GPIO_PULLUP
PG3.Locked=true
PG3.Signal=GPIO_Input
PG4.GPIOParameters=GPIO_PuPd,GPIO_Label
PG4.GPIO_Label=MPU_INT1
PG4.GPIO_PuPd=GPIO_PULLUP
PG4.Locked=true
PG4.Signal=GPIO_Input
PG5.GPIOParameters=GPIO_PuPd,GPIO_Label
PG5.GPIO_Label=FS_NO
PG5.GPIO_PuPd=GPIO_PULLUP
PG5.Locked=true
PG5.Signal=GPIO_Input
PG6.GPIOParameters=GPIO_PuPd,GPIO_Label
PG6.GPIO_Label=FS_NC
PG6.GPIO_PuPd=GPIO_PULLUP
PG6.Locked=true
PG6.Signal=GPIO_Input
PG7.GPIOParameters=GPIO_PuPd,GPIO_Label
PG7.GPIO_Label=SKEY_NO
PG7.GPIO_PuPd=GPIO_PULLUP
PG7.Locked=true
PG7.Signal=GPIO_Input
PG8.GPIOParameters=GPIO_PuPd,GPIO_Label
PG8.GPIO_Label=YOUT1
PG8.GPIO_PuPd=GPIO_PULLDOWN
PG8.Locked=true
PG8.Signal=GPIO_Output
PG9.Locked=true
PH0-OSC_IN.Mode=HSE-External-Oscillator
PH0-OSC_IN.Signal=RCC_OSC_IN
PH1-OSC_OUT.Mode=HSE-External-Oscillator
PH1-OSC_OUT.Signal=RCC_OSC_OUT
PH10.GPIOParameters=GPIO_PuPd,GPIO_Label
PH10.GPIO_Label=TEC7_PWM
PH10.GPIO_PuPd=GPIO_PULLDOWN
PH10.Locked=true
PH10.Signal=GPIO_Output
PH11.GPIOParameters=GPIO_PuPd,GPIO_Label
PH11.GPIO_Label=TEC6_PWM
PH11.GPIO_PuPd=GPIO_PULLDOWN
PH11.Locked=true
PH11.Signal=GPIO_Output
PH12.GPIOParameters=GPIO_PuPd,GPIO_Label
PH12.GPIO_Label=GAIM_PWM
PH12.GPIO_PuPd=GPIO_PULLDOWN
PH12.Locked=true
PH12.Signal=S_TIM5_CH3
PH13.GPIOParameters=GPIO_PuPd,GPIO_Label
PH13.GPIO_Label=IBUS_RESET
PH13.GPIO_PuPd=GPIO_PULLUP
PH13.Locked=true
PH13.Signal=GPIO_Output
PH14.GPIOParameters=GPIO_PuPd,GPIO_Label
PH14.GPIO_Label=SAFE_RESET
PH14.GPIO_PuPd=GPIO_PULLUP
PH14.Locked=true
PH14.Signal=GPIO_Output
PH15.GPIOParameters=GPIO_PuPd,GPIO_Label
PH15.GPIO_Label=INTERLOCK_NC
PH15.GPIO_PuPd=GPIO_PULLUP
PH15.Locked=true
PH15.Signal=GPIO_Input
PH2.Locked=true
PH3.Locked=true
PH4.Locked=true
PH5.Locked=true
PH6.GPIOParameters=GPIO_PuPd,GPIO_Label
PH6.GPIO_Label=TEC3_PWM
PH6.GPIO_PuPd=GPIO_PULLDOWN
PH6.Locked=true
PH6.Signal=GPIO_Output
PH7.GPIOParameters=GPIO_PuPd,GPIO_Label
PH7.GPIO_Label=TEC2_PWM
PH7.GPIO_PuPd=GPIO_PULLDOWN
PH7.Locked=true
PH7.Signal=GPIO_Output
PH8.GPIOParameters=GPIO_PuPd,GPIO_Label
PH8.GPIO_Label=TEC5_PWM
PH8.GPIO_PuPd=GPIO_PULLDOWN
PH8.Locked=true
PH8.Signal=GPIO_Output
PH9.GPIOParameters=GPIO_PuPd,GPIO_Label
PH9.GPIO_Label=TEC4_PWM
PH9.GPIO_PuPd=GPIO_PULLDOWN
PH9.Locked=true
PH9.Signal=GPIO_Output
PI0.GPIOParameters=GPIO_Speed,GPIO_PuPd,GPIO_Label
PI0.GPIO_Label=MPU_SPI_NSS
PI0.GPIO_PuPd=GPIO_PULLUP
PI0.GPIO_Speed=GPIO_SPEED_FREQ_VERY_HIGH
PI0.Locked=true
PI0.Mode=NSS_Signal_Hard_Input
PI0.Signal=SPI2_NSS
PI1.GPIOParameters=GPIO_PuPd,GPIO_Label
PI1.GPIO_Label=MPU_SPI_SCK
PI1.GPIO_PuPd=GPIO_PULLDOWN
PI1.Locked=true
PI1.Mode=Full_Duplex_Slave
PI1.Signal=SPI2_SCK
PI10.GPIOParameters=GPIO_PuPd,GPIO_Label
PI10.GPIO_Label=MCP41010_CS
PI10.GPIO_PuPd=GPIO_PULLUP
PI10.Locked=true
PI10.Signal=GPIO_Output
PI11.GPIOParameters=GPIO_PuPd,GPIO_Label
PI11.GPIO_Label=RED_LED
PI11.GPIO_PuPd=GPIO_PULLDOWN
PI11.Locked=true
PI11.Signal=GPIO_Output
PI2.GPIOParameters=GPIO_PuPd,GPIO_Label
PI2.GPIO_Label=MPU_SPI_MISO
PI2.GPIO_PuPd=GPIO_PULLDOWN
PI2.Locked=true
PI2.Mode=Full_Duplex_Slave
PI2.Signal=SPI2_MISO
PI3.GPIOParameters=GPIO_PuPd,GPIO_Label
PI3.GPIO_Label=MPU_SPI_MOSI
PI3.GPIO_PuPd=GPIO_PULLDOWN
PI3.Locked=true
PI3.Mode=Full_Duplex_Slave
PI3.Signal=SPI2_MOSI
PI4.GPIOParameters=GPIO_PuPd,GPIO_Label
PI4.GPIO_Label=VBUS_FS_EN
PI4.GPIO_PuPd=GPIO_PULLDOWN
PI4.Locked=true
PI4.Signal=GPIO_Output
PI5.GPIOParameters=GPIO_PuPd,GPIO_Label
PI5.GPIO_Label=FAN2_PWM
PI5.GPIO_PuPd=GPIO_PULLUP
PI5.Locked=true
PI5.Signal=S_TIM8_CH1
PI6.GPIOParameters=GPIO_PuPd,GPIO_Label
PI6.GPIO_Label=FAN1_PWM
PI6.GPIO_PuPd=GPIO_PULLUP
PI6.Locked=true
PI6.Signal=S_TIM8_CH2
PI7.GPIOParameters=GPIO_PuPd,GPIO_Label
PI7.GPIO_Label=FAN0_PWM
PI7.GPIO_PuPd=GPIO_PULLUP
PI7.Locked=true
PI7.Signal=S_TIM8_CH3
PI8-\ ANTI\ TAMP2.GPIOParameters=GPIO_PuPd,GPIO_Label,GPIO_ModeDefaultOutputPP
PI8-\ ANTI\ TAMP2.GPIO_Label=STA2_LED
PI8-\ ANTI\ TAMP2.GPIO_ModeDefaultOutputPP=GPIO_MODE_OUTPUT_OD
PI8-\ ANTI\ TAMP2.GPIO_PuPd=GPIO_NOPULL
PI8-\ ANTI\ TAMP2.Locked=true
PI8-\ ANTI\ TAMP2.Signal=GPIO_Output
PI9.GPIOParameters=GPIO_PuPd,GPIO_Label
PI9.GPIO_Label=MCP41010_SCK
PI9.GPIO_PuPd=GPIO_PULLDOWN
PI9.Locked=true
PI9.Signal=GPIO_Output
PinOutPanel.RotationAngle=0
ProjectManager.AskForMigrate=true
ProjectManager.BackupPrevious=false
ProjectManager.CompilerLinker=GCC
ProjectManager.CompilerOptimize=6
ProjectManager.ComputerToolchain=false
ProjectManager.CoupleFile=true
ProjectManager.CustomerFirmwarePackage=
ProjectManager.DefaultFWLocation=true
ProjectManager.DeletePrevious=true
ProjectManager.DeviceId=STM32F407IGTx
ProjectManager.FirmwarePackage=STM32Cube FW_F4 V1.28.3
ProjectManager.FreePins=false
ProjectManager.FreePinsContext=
ProjectManager.HalAssertFull=false
ProjectManager.HeapSize=0x2000
ProjectManager.KeepUserCode=true
ProjectManager.LastFirmware=true
ProjectManager.LibraryCopy=0
ProjectManager.MainLocation=Core/Src
ProjectManager.NoMain=false
ProjectManager.PreviousToolchain=
ProjectManager.ProjectBuild=false
ProjectManager.ProjectFileName=targetBoard_M450_RASPI_20260106.ioc
ProjectManager.ProjectName=targetBoard_M450_RASPI_20260106
ProjectManager.ProjectStructure=
ProjectManager.RegisterCallBack=
ProjectManager.StackSize=0x2000
ProjectManager.TargetToolchain=MDK-ARM V5.32
ProjectManager.ToolChainLocation=
ProjectManager.UAScriptAfterPath=
ProjectManager.UAScriptBeforePath=
ProjectManager.UnderRoot=false
ProjectManager.functionlistsort=1-SystemClock_Config-RCC-false-HAL-false,2-MX_GPIO_Init-GPIO-false-HAL-true,3-MX_ADC1_Init-ADC1-false-HAL-true,4-MX_CAN1_Init-CAN1-false-HAL-true,5-MX_CAN2_Init-CAN2-false-HAL-true,6-MX_CRC_Init-CRC-false-HAL-true,7-MX_DAC_Init-DAC-false-HAL-true,8-MX_I2C3_Init-I2C3-false-HAL-true,9-MX_RNG_Init-RNG-false-HAL-true,10-MX_SPI2_Init-SPI2-false-HAL-true,11-MX_SPI3_Init-SPI3-false-HAL-true,12-MX_TIM12_Init-TIM12-false-HAL-true,13-MX_UART5_Init-UART5-false-HAL-true,14-MX_USART1_UART_Init-USART1-false-HAL-true,15-MX_USART3_UART_Init-USART3-false-HAL-true,16-MX_USART6_UART_Init-USART6-false-HAL-true,17-MX_TIM5_Init-TIM5-false-HAL-true,18-MX_TIM8_Init-TIM8-false-HAL-true,19-MX_TIM9_Init-TIM9-false-HAL-true,20-MX_FATFS_Init-FATFS-false-HAL-false,21-MX_USB_HOST_Init-USB_HOST-false-HAL-false,22-MX_TIM7_Init-TIM7-false-HAL-true,23-MX_TIM14_Init-TIM14-false-HAL-true,24-MX_ADC3_Init-ADC3-false-HAL-true
RCC.48MHZClocksFreq_Value=48000000
RCC.AHBFreq_Value=168000000
RCC.APB1CLKDivider=RCC_HCLK_DIV4
RCC.APB1Freq_Value=42000000
RCC.APB1TimFreq_Value=84000000
RCC.APB2CLKDivider=RCC_HCLK_DIV2
RCC.APB2Freq_Value=84000000
RCC.APB2TimFreq_Value=168000000
RCC.CortexFreq_Value=168000000
RCC.EthernetFreq_Value=168000000
RCC.FCLKCortexFreq_Value=168000000
RCC.FamilyName=M
RCC.HCLKFreq_Value=168000000
RCC.HSE_VALUE=8000000
RCC.HSI_VALUE=16000000
RCC.I2SClocksFreq_Value=192000000
RCC.IPParameters=48MHZClocksFreq_Value,AHBFreq_Value,APB1CLKDivider,APB1Freq_Value,APB1TimFreq_Value,APB2CLKDivider,APB2Freq_Value,APB2TimFreq_Value,CortexFreq_Value,EthernetFreq_Value,FCLKCortexFreq_Value,FamilyName,HCLKFreq_Value,HSE_VALUE,HSI_VALUE,I2SClocksFreq_Value,LSE_VALUE,LSI_VALUE,MCO2PinFreq_Value,PLLCLKFreq_Value,PLLM,PLLN,PLLQ,PLLQCLKFreq_Value,RTCFreq_Value,RTCHSEDivFreq_Value,SYSCLKFreq_VALUE,SYSCLKSource,VCOI2SOutputFreq_Value,VCOInputFreq_Value,VCOOutputFreq_Value,VcooutputI2S
RCC.LSE_VALUE=32768
RCC.LSI_VALUE=32000
RCC.MCO2PinFreq_Value=168000000
RCC.PLLCLKFreq_Value=168000000
RCC.PLLM=4
RCC.PLLN=168
RCC.PLLQ=7
RCC.PLLQCLKFreq_Value=48000000
RCC.RTCFreq_Value=32000
RCC.RTCHSEDivFreq_Value=4000000
RCC.SYSCLKFreq_VALUE=168000000
RCC.SYSCLKSource=RCC_SYSCLKSOURCE_PLLCLK
RCC.VCOI2SOutputFreq_Value=384000000
RCC.VCOInputFreq_Value=2000000
RCC.VCOOutputFreq_Value=336000000
RCC.VcooutputI2S=192000000
SH.ADCx_IN10.0=ADC1_IN10,IN10
SH.ADCx_IN10.ConfNb=1
SH.ADCx_IN11.0=ADC1_IN11,IN11
SH.ADCx_IN11.ConfNb=1
SH.ADCx_IN12.0=ADC1_IN12,IN12
SH.ADCx_IN12.ConfNb=1
SH.ADCx_IN13.0=ADC1_IN13,IN13
SH.ADCx_IN13.ConfNb=1
SH.COMP_DAC1_group.0=DAC_OUT1,DAC_OUT1
SH.COMP_DAC1_group.ConfNb=1
SH.COMP_DAC2_group.0=DAC_OUT2,DAC_OUT2
SH.COMP_DAC2_group.ConfNb=1
SH.S_TIM5_CH3.0=TIM5_CH3,PWM Generation3 CH3
SH.S_TIM5_CH3.ConfNb=1
SH.S_TIM8_CH1.0=TIM8_CH1,PWM Generation1 CH1
SH.S_TIM8_CH1.ConfNb=1
SH.S_TIM8_CH2.0=TIM8_CH2,PWM Generation2 CH2
SH.S_TIM8_CH2.ConfNb=1
SH.S_TIM8_CH3.0=TIM8_CH3,PWM Generation3 CH3
SH.S_TIM8_CH3.ConfNb=1
SH.S_TIM9_CH2.0=TIM9_CH2,PWM Generation2 CH2
SH.S_TIM9_CH2.ConfNb=1
SPI2.Direction=SPI_DIRECTION_2LINES
SPI2.IPParameters=VirtualType,Mode,Direction,VirtualNSS
SPI2.Mode=SPI_MODE_SLAVE
SPI2.VirtualNSS=VM_NSSHARD
SPI2.VirtualType=VM_SLAVE
SPI3.BaudRatePrescaler=SPI_BAUDRATEPRESCALER_8
SPI3.CalculateBaudRate=5.25 MBits/s
SPI3.Direction=SPI_DIRECTION_2LINES
SPI3.FirstBit=SPI_FIRSTBIT_MSB
SPI3.IPParameters=VirtualType,Mode,Direction,CalculateBaudRate,BaudRatePrescaler,FirstBit
SPI3.Mode=SPI_MODE_MASTER
SPI3.VirtualType=VM_MASTER
TIM14.AutoReloadPreload=TIM_AUTORELOAD_PRELOAD_DISABLE
TIM14.IPParameters=Prescaler,Period,AutoReloadPreload
TIM14.Period=1000
TIM14.Prescaler=84
TIM5.AutoReloadPreload=TIM_AUTORELOAD_PRELOAD_ENABLE
TIM5.Channel-PWM\ Generation3\ CH3=TIM_CHANNEL_3
TIM5.IPParameters=Channel-PWM Generation3 CH3,Prescaler,Period,AutoReloadPreload
TIM5.Period=5000
TIM5.Prescaler=96
TIM7.AutoReloadPreload=TIM_AUTORELOAD_PRELOAD_ENABLE
TIM7.IPParameters=Prescaler,Period,AutoReloadPreload
TIM7.Period=1000
TIM7.Prescaler=84
TIM8.AutoReloadPreload=TIM_AUTORELOAD_PRELOAD_ENABLE
TIM8.Channel-PWM\ Generation1\ CH1=TIM_CHANNEL_1
TIM8.Channel-PWM\ Generation2\ CH2=TIM_CHANNEL_2
TIM8.Channel-PWM\ Generation3\ CH3=TIM_CHANNEL_3
TIM8.IPParameters=Channel-PWM Generation1 CH1,Channel-PWM Generation2 CH2,Channel-PWM Generation3 CH3,Prescaler,Period,AutoReloadPreload
TIM8.Period=100
TIM8.Prescaler=35
TIM9.AutoReloadPreload=TIM_AUTORELOAD_PRELOAD_ENABLE
TIM9.Channel-PWM\ Generation2\ CH2=TIM_CHANNEL_2
TIM9.IPParameters=Channel-PWM Generation2 CH2,Prescaler,Period,AutoReloadPreload
TIM9.Period=1000
TIM9.Prescaler=1000
UART5.IPParameters=VirtualMode
UART5.VirtualMode=Asynchronous
USART1.IPParameters=VirtualMode
USART1.VirtualMode=VM_ASYNC
USART3.IPParameters=VirtualMode
USART3.VirtualMode=VM_ASYNC
USART6.IPParameters=VirtualMode
USART6.VirtualMode=VM_ASYNC
USB_HOST.BSP.number=1
USB_HOST.IPParameters=VirtualModeFS,USBH_HandleTypeDef-MSC_FS,USBH_DEBUG_LEVEL-MSC_FS
USB_HOST.USBH_DEBUG_LEVEL-MSC_FS=3
USB_HOST.USBH_HandleTypeDef-MSC_FS=hUsbHostFS
USB_HOST.VirtualModeFS=Msc
USB_HOST0.BSP.STBoard=false
USB_HOST0.BSP.api=Unknown
USB_HOST0.BSP.component=
USB_HOST0.BSP.condition=ALL_SW_VBUS_DRIVE_FS \= false
USB_HOST0.BSP.instance=PI4
USB_HOST0.BSP.ip=GPIO
USB_HOST0.BSP.mode=Output
USB_HOST0.BSP.name=Drive_VBUS_FS
USB_HOST0.BSP.semaphore=
USB_HOST0.BSP.solution=PI4
USB_OTG_FS.IPParameters=VirtualMode,phy_itface
USB_OTG_FS.VirtualMode=Host_Only
USB_OTG_FS.phy_itface=HCD_PHY_EMBEDDED
VP_ADC1_TempSens_Input.Mode=IN-TempSens
VP_ADC1_TempSens_Input.Signal=ADC1_TempSens_Input
VP_ADC1_Vbat_Input.Mode=IN-Vbat
VP_ADC1_Vbat_Input.Signal=ADC1_Vbat_Input
VP_ADC1_Vref_Input.Mode=IN-Vrefint
VP_ADC1_Vref_Input.Signal=ADC1_Vref_Input
VP_CRC_VS_CRC.Mode=CRC_Activate
VP_CRC_VS_CRC.Signal=CRC_VS_CRC
VP_FATFS_VS_USB.Mode=USB
VP_FATFS_VS_USB.Signal=FATFS_VS_USB
VP_RNG_VS_RNG.Mode=RNG_Activate
VP_RNG_VS_RNG.Signal=RNG_VS_RNG
VP_SYS_VS_tim6.Mode=TIM6
VP_SYS_VS_tim6.Signal=SYS_VS_tim6
VP_TIM12_VS_ClockSourceINT.Mode=Internal
VP_TIM12_VS_ClockSourceINT.Signal=TIM12_VS_ClockSourceINT
VP_TIM14_VS_ClockSourceINT.Mode=Enable_Timer
VP_TIM14_VS_ClockSourceINT.Signal=TIM14_VS_ClockSourceINT
VP_TIM5_VS_ClockSourceINT.Mode=Internal
VP_TIM5_VS_ClockSourceINT.Signal=TIM5_VS_ClockSourceINT
VP_TIM7_VS_ClockSourceINT.Mode=Enable_Timer
VP_TIM7_VS_ClockSourceINT.Signal=TIM7_VS_ClockSourceINT
VP_TIM8_VS_ClockSourceINT.Mode=Internal
VP_TIM8_VS_ClockSourceINT.Signal=TIM8_VS_ClockSourceINT
VP_TIM9_VS_ClockSourceINT.Mode=Internal
VP_TIM9_VS_ClockSourceINT.Signal=TIM9_VS_ClockSourceINT
VP_USB_HOST_VS_USB_HOST_MSC_FS.Mode=MSC_FS
VP_USB_HOST_VS_USB_HOST_MSC_FS.Signal=USB_HOST_VS_USB_HOST_MSC_FS
board=custom
