#MicroXplorer Configuration settings - do not modify
FATFS.IPParameters=_USE_FIND,_USE_EXPAND,_USE_CHMOD,_USE_LABEL,_USE_FORWARD,_USE_LFN,_CODE_PAGE,_LFN_UNICODE,_MULTI_PARTITION,_USE_TRIM,_FS_EXFAT,_USE_MUTEX,_FS_LOCK
FATFS._CODE_PAGE=936
FATFS._FS_EXFAT=1
FATFS._FS_LOCK=10
FATFS._LFN_UNICODE=1
FATFS._MULTI_PARTITION=1
FATFS._USE_CHMOD=1
FATFS._USE_EXPAND=1
FATFS._USE_FIND=1
FATFS._USE_FORWARD=1
FATFS._USE_LABEL=1
FATFS._USE_LFN=3
FATFS._USE_MUTEX=1
FATFS._USE_TRIM=1
FREERTOS.IPParameters=Tasks01,configENABLE_FPU,configUSE_CO_ROUTINES,configMAX_CO_ROUTINE_PRIORITIES,configTOTAL_HEAP_SIZE
FREERTOS.Tasks01=defaultTask,24,128,StartDefaultTask,Default,NULL,Dynamic,NULL,NULL
FREERTOS.configENABLE_FPU=1
FREERTOS.configMAX_CO_ROUTINE_PRIORITIES=8
FREERTOS.configTOTAL_HEAP_SIZE=0x3c00
FREERTOS.configUSE_CO_ROUTINES=1
File.Version=6
GPIO.groupedBy=Group By Peripherals
KeepUserPlacement=false
Mcu.Family=STM32F4
Mcu.IP0=CRC
Mcu.IP1=FATFS
Mcu.IP10=USB_HOST
Mcu.IP11=USB_OTG_FS
Mcu.IP2=FREERTOS
Mcu.IP3=I2C1
Mcu.IP4=NVIC
Mcu.IP5=RCC
Mcu.IP6=RNG
Mcu.IP7=SYS
Mcu.IP8=UART7
Mcu.IP9=USART6
Mcu.IPNb=12
Mcu.Name=STM32F413Z(G-H)Tx
Mcu.Package=LQFP144
Mcu.Pin0=PE3
Mcu.Pin1=PF6
Mcu.Pin10=PA12
Mcu.Pin11=PA13
Mcu.Pin12=PA14
Mcu.Pin13=PG9
Mcu.Pin14=PG14
Mcu.Pin15=PB3
Mcu.Pin16=PB6
Mcu.Pin17=PB7
Mcu.Pin18=VP_CRC_VS_CRC
Mcu.Pin19=VP_FATFS_VS_USB
Mcu.Pin2=PF7
Mcu.Pin20=VP_FREERTOS_VS_CMSIS_V2
Mcu.Pin21=VP_RNG_VS_RNG
Mcu.Pin22=VP_SYS_VS_tim6
Mcu.Pin23=VP_USB_HOST_VS_USB_HOST_MSC_FS
Mcu.Pin3=PH0 - OSC_IN
Mcu.Pin4=PH1 - OSC_OUT
Mcu.Pin5=PC5
Mcu.Pin6=PG7
Mcu.Pin7=PG8
Mcu.Pin8=PA9
Mcu.Pin9=PA11
Mcu.PinsNb=24
Mcu.ThirdPartyNb=0
Mcu.UserConstants=
Mcu.UserName=STM32F413ZHTx
MxCube.Version=5.6.1
MxDb.Version=DB.5.0.60
NVIC.BusFault_IRQn=true\:0\:0\:false\:false\:true\:false\:false\:false
NVIC.DebugMonitor_IRQn=true\:0\:0\:false\:false\:true\:false\:false\:false
NVIC.ForceEnableDMAVector=true
NVIC.HardFault_IRQn=true\:0\:0\:false\:false\:true\:false\:false\:false
NVIC.MemoryManagement_IRQn=true\:0\:0\:false\:false\:true\:false\:false\:false
NVIC.NonMaskableInt_IRQn=true\:0\:0\:false\:false\:true\:false\:false\:false
NVIC.OTG_FS_IRQn=true\:5\:0\:false\:false\:true\:true\:false\:true
NVIC.PendSV_IRQn=true\:15\:0\:false\:false\:false\:true\:false\:false
NVIC.PriorityGroup=NVIC_PRIORITYGROUP_4
NVIC.SVCall_IRQn=true\:0\:0\:false\:false\:false\:false\:false\:false
NVIC.SysTick_IRQn=true\:15\:0\:false\:false\:false\:true\:false\:false
NVIC.TIM6_DAC_IRQn=true\:0\:0\:false\:false\:true\:false\:false\:true
NVIC.TimeBase=TIM6_DAC_IRQn
NVIC.TimeBaseIP=TIM6
NVIC.UsageFault_IRQn=true\:0\:0\:false\:false\:true\:false\:false\:false
PA11.GPIOParameters=GPIO_Label
PA11.GPIO_Label=USB_OTG_FS_DM
PA11.Mode=Host_Only
PA11.Signal=USB_OTG_FS_DM
PA12.GPIOParameters=GPIO_Label
PA12.GPIO_Label=USB_OTG_FS_DP
PA12.Mode=Host_Only
PA12.Signal=USB_OTG_FS_DP
PA13.Mode=Trace_Asynchronous_SW
PA13.Signal=SYS_JTMS-SWDIO
PA14.Mode=Trace_Asynchronous_SW
PA14.Signal=SYS_JTCK-SWCLK
PA9.GPIOParameters=GPIO_PuPd,GPIO_Label
PA9.GPIO_Label=USB_OTG_FS_VBUS
PA9.GPIO_PuPd=GPIO_PULLDOWN
PA9.Locked=true
PA9.Mode=Activate_VBUS
PA9.Signal=USB_OTG_FS_VBUS
PB3.Mode=Trace_Asynchronous_SW
PB3.Signal=SYS_JTDO-SWO
PB6.GPIOParameters=GPIO_Speed,GPIO_Label
PB6.GPIO_Label=I2C1_SCL
PB6.GPIO_Speed=GPIO_SPEED_FREQ_LOW
PB6.Mode=I2C
PB6.Signal=I2C1_SCL
PB7.GPIOParameters=GPIO_Speed,GPIO_Label
PB7.GPIO_Label=I2C1_SDA
PB7.GPIO_Speed=GPIO_SPEED_FREQ_LOW
PB7.Mode=I2C
PB7.Signal=I2C1_SDA
PC5.GPIOParameters=GPIO_PuPd,GPIO_Label
PC5.GPIO_Label=LED_GREEN
PC5.GPIO_PuPd=GPIO_PULLDOWN
PC5.Locked=true
PC5.Signal=GPIO_Output
PE3.GPIOParameters=GPIO_PuPd,GPIO_Label,GPIO_ModeDefaultOutputPP
PE3.GPIO_Label=LED_RED
PE3.GPIO_ModeDefaultOutputPP=GPIO_MODE_OUTPUT_PP
PE3.GPIO_PuPd=GPIO_PULLDOWN
PE3.Locked=true
PE3.Signal=GPIO_Output
PF6.GPIOParameters=GPIO_Speed
PF6.GPIO_Speed=GPIO_SPEED_FREQ_LOW
PF6.Mode=Asynchronous
PF6.Signal=UART7_RX
PF7.GPIOParameters=GPIO_Speed
PF7.GPIO_Speed=GPIO_SPEED_FREQ_LOW
PF7.Mode=Asynchronous
PF7.Signal=UART7_TX
PG14.GPIOParameters=GPIO_Speed,GPIO_PuPd,GPIO_Label
PG14.GPIO_Label=USART6_TX
PG14.GPIO_PuPd=GPIO_PULLDOWN
PG14.GPIO_Speed=GPIO_SPEED_FREQ_LOW
PG14.Locked=true
PG14.Mode=Asynchronous
PG14.Signal=USART6_TX
PG7.GPIOParameters=GPIO_PuPd,GPIO_Label
PG7.GPIO_Label=USB_OTG_FS_OVRCR
PG7.GPIO_PuPd=GPIO_PULLUP
PG7.Locked=true
PG7.Signal=GPIO_Output
PG8.GPIOParameters=GPIO_Label,GPIO_ModeDefaultOutputPP
PG8.GPIO_Label=USB_OTG_FS_PWR_EN
PG8.GPIO_ModeDefaultOutputPP=GPIO_MODE_OUTPUT_OD
PG8.Locked=true
PG8.Signal=GPIO_Output
PG9.GPIOParameters=GPIO_Label,GPIO_Speed,GPIO_PuPd
PG9.GPIO_Label=USART6_TX
PG9.GPIO_PuPd=GPIO_PULLDOWN
PG9.GPIO_Speed=GPIO_SPEED_FREQ_LOW
PG9.Locked=true
PG9.Mode=Asynchronous
PG9.Signal=USART6_RX
PH0\ -\ OSC_IN.Mode=HSE-External-Oscillator
PH0\ -\ OSC_IN.Signal=RCC_OSC_IN
PH1\ -\ OSC_OUT.Mode=HSE-External-Oscillator
PH1\ -\ OSC_OUT.Signal=RCC_OSC_OUT
PinOutPanel.RotationAngle=0
ProjectManager.AskForMigrate=true
ProjectManager.BackupPrevious=false
ProjectManager.CompilerOptimize=6
ProjectManager.ComputerToolchain=false
ProjectManager.CoupleFile=true
ProjectManager.CustomerFirmwarePackage=
ProjectManager.DefaultFWLocation=true
ProjectManager.DeletePrevious=true
ProjectManager.DeviceId=STM32F413ZHTx
ProjectManager.FirmwarePackage=STM32Cube FW_F4 V1.25.0
ProjectManager.FreePins=false
ProjectManager.HalAssertFull=false
ProjectManager.HeapSize=0x200
ProjectManager.KeepUserCode=true
ProjectManager.LastFirmware=true
ProjectManager.LibraryCopy=0
ProjectManager.MainLocation=Core/Src
ProjectManager.NoMain=false
ProjectManager.PreviousToolchain=
ProjectManager.ProjectBuild=false
ProjectManager.ProjectFileName=STM32F413.ioc
ProjectManager.ProjectName=STM32F413
ProjectManager.StackSize=0x400
ProjectManager.TargetToolchain=MDK-ARM V5.27
ProjectManager.ToolChainLocation=
ProjectManager.UnderRoot=false
ProjectManager.functionlistsort=1-MX_GPIO_Init-GPIO-false-HAL-true,2-SystemClock_Config-RCC-false-HAL-false,3-MX_CRC_Init-CRC-false-HAL-true,4-MX_I2C1_Init-I2C1-false-HAL-true,5-MX_RNG_Init-RNG-false-HAL-true,6-MX_UART7_Init-UART7-false-HAL-true,7-MX_USART6_UART_Init-USART6-false-HAL-true,8-MX_USB_HOST_Init-USB_HOST-false-HAL-false,9-MX_FATFS_Init-FATFS-false-HAL-false
RCC.AHBFreq_Value=96000000
RCC.APB1CLKDivider=RCC_HCLK_DIV2
RCC.APB1Freq_Value=48000000
RCC.APB1TimFreq_Value=96000000
RCC.APB2Freq_Value=96000000
RCC.APB2TimFreq_Value=96000000
RCC.CortexFreq_Value=96000000
RCC.DFSDM2AudioFreq_Value=48000000
RCC.DFSDM2Freq_Value=96000000
RCC.DFSDMAudioFreq_Value=48000000
RCC.DFSDMFreq_Value=96000000
RCC.FCLKCortexFreq_Value=96000000
RCC.FMPI2C1Freq_Value=48000000
RCC.FamilyName=M
RCC.HCLKFreq_Value=96000000
RCC.HSE_VALUE=8000000
RCC.I2S1Freq_Value=48000000
RCC.I2S2Freq_Value=48000000
RCC.IPParameters=AHBFreq_Value,APB1CLKDivider,APB1Freq_Value,APB1TimFreq_Value,APB2Freq_Value,APB2TimFreq_Value,CortexFreq_Value,DFSDM2AudioFreq_Value,DFSDM2Freq_Value,DFSDMAudioFreq_Value,DFSDMFreq_Value,FCLKCortexFreq_Value,FMPI2C1Freq_Value,FamilyName,HCLKFreq_Value,HSE_VALUE,I2S1Freq_Value,I2S2Freq_Value,LPTimerFreq_Value,MCO2PinFreq_Value,PLLCLKFreq_Value,PLLI2SQCLKFreq_Value,PLLI2SRCLKFreq_Value,PLLM,PLLN,PLLQ,PLLQCLKFreq_Value,PLLQoutputFreq_Value,PLLRCLKFreq_Value,PLLRoutputFreq_Value,PWRFreq_Value,RNGFreq_Value,SAI1AFreq_Value,SAI1BFreq_Value,SDIOFreq_Value,SYSCLKFreq_VALUE,SYSCLKSource,USBFreq_Value,VCOI2SInputFreq_Value,VCOI2SOutputFreq_Value,VCOInputFreq_Value,VCOOutputFreq_Value
RCC.LPTimerFreq_Value=48000000
RCC.MCO2PinFreq_Value=96000000
RCC.PLLCLKFreq_Value=96000000
RCC.PLLI2SQCLKFreq_Value=48000000
RCC.PLLI2SRCLKFreq_Value=48000000
RCC.PLLM=4
RCC.PLLN=96
RCC.PLLQ=4
RCC.PLLQCLKFreq_Value=48000000
RCC.PLLQoutputFreq_Value=48000000
RCC.PLLRCLKFreq_Value=96000000
RCC.PLLRoutputFreq_Value=96000000
RCC.PWRFreq_Value=96000000
RCC.RNGFreq_Value=48000000
RCC.SAI1AFreq_Value=8000000
RCC.SAI1BFreq_Value=8000000
RCC.SDIOFreq_Value=48000000
RCC.SYSCLKFreq_VALUE=96000000
RCC.SYSCLKSource=RCC_SYSCLKSOURCE_PLLCLK
RCC.USBFreq_Value=48000000
RCC.VCOI2SInputFreq_Value=500000
RCC.VCOI2SOutputFreq_Value=96000000
RCC.VCOInputFreq_Value=2000000
RCC.VCOOutputFreq_Value=192000000
UART7.IPParameters=VirtualMode
UART7.VirtualMode=Asynchronous
USART6.IPParameters=VirtualMode
USART6.VirtualMode=VM_ASYNC
USB_HOST.BSP.number=1
USB_HOST.IPParameters=VirtualModeFS,USBH_HandleTypeDef
USB_HOST.USBH_HandleTypeDef=hUsbHostFS
USB_HOST.VirtualModeFS=Msc
USB_HOST0.BSP.STBoard=false
USB_HOST0.BSP.api=Unknown
USB_HOST0.BSP.component=
USB_HOST0.BSP.condition=
USB_HOST0.BSP.i2caddr=0
USB_HOST0.BSP.i2creg=
USB_HOST0.BSP.instance=PG8
USB_HOST0.BSP.ip=GPIO
USB_HOST0.BSP.mode=Output
USB_HOST0.BSP.name=Drive_VBUS_FS
USB_HOST0.BSP.semaphore=
USB_HOST0.BSP.solution=PG8
USB_OTG_FS.IPParameters=VirtualMode,phy_itface
USB_OTG_FS.VirtualMode=Host_Only
USB_OTG_FS.phy_itface=HCD_PHY_EMBEDDED
VP_CRC_VS_CRC.Mode=CRC_Activate
VP_CRC_VS_CRC.Signal=CRC_VS_CRC
VP_FATFS_VS_USB.Mode=USB
VP_FATFS_VS_USB.Signal=FATFS_VS_USB
VP_FREERTOS_VS_CMSIS_V2.Mode=CMSIS_V2
VP_FREERTOS_VS_CMSIS_V2.Signal=FREERTOS_VS_CMSIS_V2
VP_RNG_VS_RNG.Mode=RNG_Activate
VP_RNG_VS_RNG.Signal=RNG_VS_RNG
VP_SYS_VS_tim6.Mode=TIM6
VP_SYS_VS_tim6.Signal=SYS_VS_tim6
VP_USB_HOST_VS_USB_HOST_MSC_FS.Mode=MSC_FS
VP_USB_HOST_VS_USB_HOST_MSC_FS.Signal=USB_HOST_VS_USB_HOST_MSC_FS
board=custom
